
Microsoft Visual Studio Solution File, Format Version 12.00
# Visual Studio Version 17
VisualStudioVersion = 17.3.32929.385
MinimumVisualStudioVersion = 10.0.40219.1
Project("{FAE04EC0-301F-11D3-BF4B-00C04F79EFBC}") = "Zmeika 2", "Zmeika 2\Zmeika 2.csproj", "{40850CAA-A42B-44E0-8311-493A7A790D78}"
EndProject
Global
	GlobalSection(SolutionConfigurationPlatforms) = preSolution
		Debug|Any CPU = Debug|Any CPU
		Release|Any CPU = Release|Any CPU
	EndGlobalSection
	GlobalSection(ProjectConfigurationPlatforms) = postSolution
		{40850CAA-A42B-44E0-8311-493A7A790D78}.Debug|Any CPU.ActiveCfg = Debug|Any CPU
		{40850CAA-A42B-44E0-8311-493A7A790D78}.Debug|Any CPU.Build.0 = Debug|Any CPU
		{40850CAA-A42B-44E0-8311-493A7A790D78}.Release|Any CPU.ActiveCfg = Release|Any CPU
		{40850CAA-A42B-44E0-8311-493A7A790D78}.Release|Any CPU.Build.0 = Release|Any CPU
	EndGlobalSection
	GlobalSection(SolutionProperties) = preSolution
		HideSolutionNode = FALSE
	EndGlobalSection
	GlobalSection(ExtensibilityGlobals) = postSolution
		SolutionGuid = {6CDD44A6-494B-4ABF-A3EA-4E8D3351A183}
	EndGlobalSection
EndGlobal
